
Microsoft Visual Studio Solution File, Format Version 12.00
Project("{FAE04EC0-301F-11D3-BF4B-00C04F79EFBC}") = "SteamNews.FunctionApp", "SteamNews.FunctionApp\SteamNews.FunctionApp.csproj", "{8133BEBA-2C7D-4A08-A3FC-F5E90624C85E}"
EndProject
Global
	GlobalSection(SolutionConfigurationPlatforms) = preSolution
		Debug|Any CPU = Debug|Any CPU
		Release|Any CPU = Release|Any CPU
	EndGlobalSection
	GlobalSection(ProjectConfigurationPlatforms) = postSolution
		{8133BEBA-2C7D-4A08-A3FC-F5E90624C85E}.Debug|Any CPU.ActiveCfg = Debug|Any CPU
		{8133BEBA-2C7D-4A08-A3FC-F5E90624C85E}.Debug|Any CPU.Build.0 = Debug|Any CPU
		{8133BEBA-2C7D-4A08-A3FC-F5E90624C85E}.Release|Any CPU.ActiveCfg = Release|Any CPU
		{8133BEBA-2C7D-4A08-A3FC-F5E90624C85E}.Release|Any CPU.Build.0 = Release|Any CPU
	EndGlobalSection
EndGlobal
